{
  "name": "captain-claw",
  "lockfileVersion": 3,
  "requires": true,
  "packages": {
    "": {
      "dependencies": {
        "custodex": "^1.1.1"
      }
    },
    "node_modules/custodex": {
      "version": "1.1.1",
      "resolved": "https://registry.npmjs.org/custodex/-/custodex-1.1.1.tgz",
      "integrity": "sha512-1u/MA1C00St2YNVU6xfbEw4Q9beuHoTGXAiDcz5EJ3I0S1sNg3D//ZZAqLxlnl/Q66eGEqx4sgdx1DluigWYjg==",
      "license": "MIT",
      "bin": {
        "custodex": "dist/index.js"
      },
      "engines": {
        "node": ">=18.0.0"
      }
    }
  }
}
